// !$*UTF8*$!
{
	archiveVersion = 1;
	classes = {
	};
	objectVersion = 51;
	objects = {

/* Begin PBXBuildFile section */
		601A456525F1CD1000E782D1 /* User.swift in Sources */ = {isa = PBXBuildFile; fileRef = 601A456425F1CD1000E782D1 /* User.swift */; };
		60501BF925EF130200DC86E7 /* GoogleService-Info.plist in Resources */ = {isa = PBXBuildFile; fileRef = 60501BF825EF130200DC86E7 /* GoogleService-Info.plist */; };
		60501BFA25EF130200DC86E7 /* GoogleService-Info.plist in Resources */ = {isa = PBXBuildFile; fileRef = 60501BF825EF130200DC86E7 /* GoogleService-Info.plist */; };
		60501BFB25EF130200DC86E7 /* GoogleService-Info.plist in Resources */ = {isa = PBXBuildFile; fileRef = 60501BF825EF130200DC86E7 /* GoogleService-Info.plist */; };
		86B6D80A268E948B2C250E74 /* Pods_PhotoTag.framework in Frameworks */ = {isa = PBXBuildFile; fileRef = D4D00088DC10B56E2548BEE0 /* Pods_PhotoTag.framework */; };
		D94F753E25EDAAB6007A0DA8 /* GalleryCollectionViewCell.swift in Sources */ = {isa = PBXBuildFile; fileRef = D94F753C25EDAAB6007A0DA8 /* GalleryCollectionViewCell.swift */; };
		D94F753F25EDAAB6007A0DA8 /* GalleryCollectionViewCell.xib in Resources */ = {isa = PBXBuildFile; fileRef = D94F753D25EDAAB6007A0DA8 /* GalleryCollectionViewCell.xib */; };
		D94F754725EDAF08007A0DA8 /* Photo.swift in Sources */ = {isa = PBXBuildFile; fileRef = D94F754625EDAF08007A0DA8 /* Photo.swift */; };
		D94F755425EDCA1C007A0DA8 /* SinglePhotoViewController.swift in Sources */ = {isa = PBXBuildFile; fileRef = D94F755325EDCA1C007A0DA8 /* SinglePhotoViewController.swift */; };
		D9A3A1A625F01AEB0057A7B8 /* MLKitProcess.swift in Sources */ = {isa = PBXBuildFile; fileRef = D9A3A1A525F01AEA0057A7B8 /* MLKitProcess.swift */; };
		D9B02DC525EC3D79009B5AC2 /* AppDelegate.swift in Sources */ = {isa = PBXBuildFile; fileRef = D9B02DC425EC3D79009B5AC2 /* AppDelegate.swift */; };
		D9B02DC725EC3D79009B5AC2 /* SceneDelegate.swift in Sources */ = {isa = PBXBuildFile; fileRef = D9B02DC625EC3D79009B5AC2 /* SceneDelegate.swift */; };
		D9B02DC925EC3D79009B5AC2 /* ViewController.swift in Sources */ = {isa = PBXBuildFile; fileRef = D9B02DC825EC3D79009B5AC2 /* ViewController.swift */; };
		D9B02DCC25EC3D79009B5AC2 /* Main.storyboard in Resources */ = {isa = PBXBuildFile; fileRef = D9B02DCA25EC3D79009B5AC2 /* Main.storyboard */; };
		D9B02DCE25EC3D79009B5AC2 /* Assets.xcassets in Resources */ = {isa = PBXBuildFile; fileRef = D9B02DCD25EC3D79009B5AC2 /* Assets.xcassets */; };
		D9B02DD125EC3D79009B5AC2 /* LaunchScreen.storyboard in Resources */ = {isa = PBXBuildFile; fileRef = D9B02DCF25EC3D79009B5AC2 /* LaunchScreen.storyboard */; };
		F4D5411A25F96D17008DAA4A /* LoginViewController.swift in Sources */ = {isa = PBXBuildFile; fileRef = F4D5411925F96D17008DAA4A /* LoginViewController.swift */; };
		F4D5416225F98D02008DAA4A /* HomeScreenViewController.swift in Sources */ = {isa = PBXBuildFile; fileRef = F4D5416125F98D02008DAA4A /* HomeScreenViewController.swift */; };
/* End PBXBuildFile section */

/* Begin PBXContainerItemProxy section */
		D9B02DD825EC3D7A009B5AC2 /* PBXContainerItemProxy */ = {
			isa = PBXContainerItemProxy;
			containerPortal = D9B02DB925EC3D79009B5AC2 /* Project object */;
			proxyType = 1;
			remoteGlobalIDString = D9B02DC025EC3D79009B5AC2;
			remoteInfo = PhotoTag;
		};
		D9B02DE325EC3D7A009B5AC2 /* PBXContainerItemProxy */ = {
			isa = PBXContainerItemProxy;
			containerPortal = D9B02DB925EC3D79009B5AC2 /* Project object */;
			proxyType = 1;
			remoteGlobalIDString = D9B02DC025EC3D79009B5AC2;
			remoteInfo = PhotoTag;
		};
/* End PBXContainerItemProxy section */

/* Begin PBXFileReference section */
		4A4A2FCC700F62739B66D7DA /* Pods-PhotoTag.debug.xcconfig */ = {isa = PBXFileReference; includeInIndex = 1; lastKnownFileType = text.xcconfig; name = "Pods-PhotoTag.debug.xcconfig"; path = "Target Support Files/Pods-PhotoTag/Pods-PhotoTag.debug.xcconfig"; sourceTree = "<group>"; };
		601A456425F1CD1000E782D1 /* User.swift */ = {isa = PBXFileReference; lastKnownFileType = sourcecode.swift; path = User.swift; sourceTree = "<group>"; };
		60501BF825EF130200DC86E7 /* GoogleService-Info.plist */ = {isa = PBXFileReference; fileEncoding = 4; lastKnownFileType = text.plist; name = "GoogleService-Info.plist"; path = "../GoogleService-Info.plist"; sourceTree = "<group>"; };
		7D50361FE77CA582AF1073D8 /* Pods-PhotoTag.release.xcconfig */ = {isa = PBXFileReference; includeInIndex = 1; lastKnownFileType = text.xcconfig; name = "Pods-PhotoTag.release.xcconfig"; path = "Target Support Files/Pods-PhotoTag/Pods-PhotoTag.release.xcconfig"; sourceTree = "<group>"; };
		D4D00088DC10B56E2548BEE0 /* Pods_PhotoTag.framework */ = {isa = PBXFileReference; explicitFileType = wrapper.framework; includeInIndex = 0; path = Pods_PhotoTag.framework; sourceTree = BUILT_PRODUCTS_DIR; };
		D94F753C25EDAAB6007A0DA8 /* GalleryCollectionViewCell.swift */ = {isa = PBXFileReference; lastKnownFileType = sourcecode.swift; path = GalleryCollectionViewCell.swift; sourceTree = "<group>"; };
		D94F753D25EDAAB6007A0DA8 /* GalleryCollectionViewCell.xib */ = {isa = PBXFileReference; lastKnownFileType = file.xib; path = GalleryCollectionViewCell.xib; sourceTree = "<group>"; };
		D94F754625EDAF08007A0DA8 /* Photo.swift */ = {isa = PBXFileReference; lastKnownFileType = sourcecode.swift; path = Photo.swift; sourceTree = "<group>"; };
		D94F755325EDCA1C007A0DA8 /* SinglePhotoViewController.swift */ = {isa = PBXFileReference; lastKnownFileType = sourcecode.swift; path = SinglePhotoViewController.swift; sourceTree = "<group>"; };
		D9A3A1A525F01AEA0057A7B8 /* MLKitProcess.swift */ = {isa = PBXFileReference; lastKnownFileType = sourcecode.swift; path = MLKitProcess.swift; sourceTree = "<group>"; };
		D9B02DC125EC3D79009B5AC2 /* PhotoTag.app */ = {isa = PBXFileReference; explicitFileType = wrapper.application; includeInIndex = 0; path = PhotoTag.app; sourceTree = BUILT_PRODUCTS_DIR; };
		D9B02DC425EC3D79009B5AC2 /* AppDelegate.swift */ = {isa = PBXFileReference; lastKnownFileType = sourcecode.swift; path = AppDelegate.swift; sourceTree = "<group>"; };
		D9B02DC625EC3D79009B5AC2 /* SceneDelegate.swift */ = {isa = PBXFileReference; lastKnownFileType = sourcecode.swift; path = SceneDelegate.swift; sourceTree = "<group>"; };
		D9B02DC825EC3D79009B5AC2 /* ViewController.swift */ = {isa = PBXFileReference; lastKnownFileType = sourcecode.swift; path = ViewController.swift; sourceTree = "<group>"; };
		D9B02DCB25EC3D79009B5AC2 /* Base */ = {isa = PBXFileReference; lastKnownFileType = file.storyboard; name = Base; path = Base.lproj/Main.storyboard; sourceTree = "<group>"; };
		D9B02DCD25EC3D79009B5AC2 /* Assets.xcassets */ = {isa = PBXFileReference; lastKnownFileType = folder.assetcatalog; path = Assets.xcassets; sourceTree = "<group>"; };
		D9B02DD025EC3D79009B5AC2 /* Base */ = {isa = PBXFileReference; lastKnownFileType = file.storyboard; name = Base; path = Base.lproj/LaunchScreen.storyboard; sourceTree = "<group>"; };
		D9B02DD225EC3D79009B5AC2 /* Info.plist */ = {isa = PBXFileReference; lastKnownFileType = text.plist.xml; path = Info.plist; sourceTree = "<group>"; };
		D9B02DD725EC3D7A009B5AC2 /* PhotoTagTests.xctest */ = {isa = PBXFileReference; explicitFileType = wrapper.cfbundle; includeInIndex = 0; path = PhotoTagTests.xctest; sourceTree = BUILT_PRODUCTS_DIR; };
		D9B02DE225EC3D7A009B5AC2 /* PhotoTagUITests.xctest */ = {isa = PBXFileReference; explicitFileType = wrapper.cfbundle; includeInIndex = 0; path = PhotoTagUITests.xctest; sourceTree = BUILT_PRODUCTS_DIR; };
		F4D5411925F96D17008DAA4A /* LoginViewController.swift */ = {isa = PBXFileReference; lastKnownFileType = sourcecode.swift; path = LoginViewController.swift; sourceTree = "<group>"; };
		F4D5416125F98D02008DAA4A /* HomeScreenViewController.swift */ = {isa = PBXFileReference; lastKnownFileType = sourcecode.swift; path = HomeScreenViewController.swift; sourceTree = "<group>"; };
/* End PBXFileReference section */

/* Begin PBXFrameworksBuildPhase section */
		D9B02DBE25EC3D79009B5AC2 /* Frameworks */ = {
			isa = PBXFrameworksBuildPhase;
			buildActionMask = 2147483647;
			files = (
				86B6D80A268E948B2C250E74 /* Pods_PhotoTag.framework in Frameworks */,
			);
			runOnlyForDeploymentPostprocessing = 0;
		};
		D9B02DD425EC3D7A009B5AC2 /* Frameworks */ = {
			isa = PBXFrameworksBuildPhase;
			buildActionMask = 2147483647;
			files = (
			);
			runOnlyForDeploymentPostprocessing = 0;
		};
		D9B02DDF25EC3D7A009B5AC2 /* Frameworks */ = {
			isa = PBXFrameworksBuildPhase;
			buildActionMask = 2147483647;
			files = (
			);
			runOnlyForDeploymentPostprocessing = 0;
		};
/* End PBXFrameworksBuildPhase section */

/* Begin PBXGroup section */
		166A955EE694328D2ECB4C3C /* Frameworks */ = {
			isa = PBXGroup;
			children = (
				D4D00088DC10B56E2548BEE0 /* Pods_PhotoTag.framework */,
			);
			name = Frameworks;
			sourceTree = "<group>";
		};
		9060E0EDE6DD1C4861457A4C /* Pods */ = {
			isa = PBXGroup;
			children = (
				4A4A2FCC700F62739B66D7DA /* Pods-PhotoTag.debug.xcconfig */,
				7D50361FE77CA582AF1073D8 /* Pods-PhotoTag.release.xcconfig */,
			);
			path = Pods;
			sourceTree = "<group>";
		};
		D9B02DB825EC3D79009B5AC2 = {
			isa = PBXGroup;
			children = (
				D9B02DC325EC3D79009B5AC2 /* PhotoTag */,
				D9B02DC225EC3D79009B5AC2 /* Products */,
				9060E0EDE6DD1C4861457A4C /* Pods */,
				166A955EE694328D2ECB4C3C /* Frameworks */,
			);
			sourceTree = "<group>";
		};
		D9B02DC225EC3D79009B5AC2 /* Products */ = {
			isa = PBXGroup;
			children = (
				D9B02DC125EC3D79009B5AC2 /* PhotoTag.app */,
				D9B02DD725EC3D7A009B5AC2 /* PhotoTagTests.xctest */,
				D9B02DE225EC3D7A009B5AC2 /* PhotoTagUITests.xctest */,
			);
			name = Products;
			sourceTree = "<group>";
		};
		D9B02DC325EC3D79009B5AC2 /* PhotoTag */ = {
			isa = PBXGroup;
			children = (
				D9B02DC425EC3D79009B5AC2 /* AppDelegate.swift */,
				D9B02DC625EC3D79009B5AC2 /* SceneDelegate.swift */,
				D9B02DC825EC3D79009B5AC2 /* ViewController.swift */,
				D9B02DCA25EC3D79009B5AC2 /* Main.storyboard */,
				D9B02DCD25EC3D79009B5AC2 /* Assets.xcassets */,
				D9B02DCF25EC3D79009B5AC2 /* LaunchScreen.storyboard */,
				D9B02DD225EC3D79009B5AC2 /* Info.plist */,
				D94F753C25EDAAB6007A0DA8 /* GalleryCollectionViewCell.swift */,
				60501BF825EF130200DC86E7 /* GoogleService-Info.plist */,
				D94F753D25EDAAB6007A0DA8 /* GalleryCollectionViewCell.xib */,
				D94F754625EDAF08007A0DA8 /* Photo.swift */,
				D94F755325EDCA1C007A0DA8 /* SinglePhotoViewController.swift */,
				601A456425F1CD1000E782D1 /* User.swift */,
				D9A3A1A525F01AEA0057A7B8 /* MLKitProcess.swift */,
				F4D5411925F96D17008DAA4A /* LoginViewController.swift */,
				F4D5416125F98D02008DAA4A /* HomeScreenViewController.swift */,
			);
			path = PhotoTag;
			sourceTree = "<group>";
		};
/* End PBXGroup section */

/* Begin PBXNativeTarget section */
		D9B02DC025EC3D79009B5AC2 /* PhotoTag */ = {
			isa = PBXNativeTarget;
			buildConfigurationList = D9B02DEB25EC3D7A009B5AC2 /* Build configuration list for PBXNativeTarget "PhotoTag" */;
			buildPhases = (
				A32F5A589B4B4C61917A8C0F /* [CP] Check Pods Manifest.lock */,
				D9B02DBD25EC3D79009B5AC2 /* Sources */,
				D9B02DBE25EC3D79009B5AC2 /* Frameworks */,
				D9B02DBF25EC3D79009B5AC2 /* Resources */,
				668183CE04852C432BAD5350 /* [CP] Embed Pods Frameworks */,
				942D93C9DBF3DA4EC67AD6D8 /* [CP] Copy Pods Resources */,
			);
			buildRules = (
			);
			dependencies = (
			);
			name = PhotoTag;
			productName = PhotoTag;
			productReference = D9B02DC125EC3D79009B5AC2 /* PhotoTag.app */;
			productType = "com.apple.product-type.application";
		};
		D9B02DD625EC3D7A009B5AC2 /* PhotoTagTests */ = {
			isa = PBXNativeTarget;
			buildConfigurationList = D9B02DEE25EC3D7A009B5AC2 /* Build configuration list for PBXNativeTarget "PhotoTagTests" */;
			buildPhases = (
				D9B02DD325EC3D7A009B5AC2 /* Sources */,
				D9B02DD425EC3D7A009B5AC2 /* Frameworks */,
				D9B02DD525EC3D7A009B5AC2 /* Resources */,
			);
			buildRules = (
			);
			dependencies = (
				D9B02DD925EC3D7A009B5AC2 /* PBXTargetDependency */,
			);
			name = PhotoTagTests;
			productName = PhotoTagTests;
			productReference = D9B02DD725EC3D7A009B5AC2 /* PhotoTagTests.xctest */;
			productType = "com.apple.product-type.bundle.unit-test";
		};
		D9B02DE125EC3D7A009B5AC2 /* PhotoTagUITests */ = {
			isa = PBXNativeTarget;
			buildConfigurationList = D9B02DF125EC3D7A009B5AC2 /* Build configuration list for PBXNativeTarget "PhotoTagUITests" */;
			buildPhases = (
				D9B02DDE25EC3D7A009B5AC2 /* Sources */,
				D9B02DDF25EC3D7A009B5AC2 /* Frameworks */,
				D9B02DE025EC3D7A009B5AC2 /* Resources */,
			);
			buildRules = (
			);
			dependencies = (
				D9B02DE425EC3D7A009B5AC2 /* PBXTargetDependency */,
			);
			name = PhotoTagUITests;
			productName = PhotoTagUITests;
			productReference = D9B02DE225EC3D7A009B5AC2 /* PhotoTagUITests.xctest */;
			productType = "com.apple.product-type.bundle.ui-testing";
		};
/* End PBXNativeTarget section */

/* Begin PBXProject section */
		D9B02DB925EC3D79009B5AC2 /* Project object */ = {
			isa = PBXProject;
			attributes = {
				LastSwiftUpdateCheck = 1240;
				LastUpgradeCheck = 1240;
				TargetAttributes = {
					D9B02DC025EC3D79009B5AC2 = {
						CreatedOnToolsVersion = 12.4;
					};
					D9B02DD625EC3D7A009B5AC2 = {
						CreatedOnToolsVersion = 12.4;
						TestTargetID = D9B02DC025EC3D79009B5AC2;
					};
					D9B02DE125EC3D7A009B5AC2 = {
						CreatedOnToolsVersion = 12.4;
						TestTargetID = D9B02DC025EC3D79009B5AC2;
					};
				};
			};
			buildConfigurationList = D9B02DBC25EC3D79009B5AC2 /* Build configuration list for PBXProject "PhotoTag" */;
			compatibilityVersion = "Xcode 9.3";
			developmentRegion = en;
			hasScannedForEncodings = 0;
			knownRegions = (
				en,
				Base,
			);
			mainGroup = D9B02DB825EC3D79009B5AC2;
			productRefGroup = D9B02DC225EC3D79009B5AC2 /* Products */;
			projectDirPath = "";
			projectRoot = "";
			targets = (
				D9B02DC025EC3D79009B5AC2 /* PhotoTag */,
				D9B02DD625EC3D7A009B5AC2 /* PhotoTagTests */,
				D9B02DE125EC3D7A009B5AC2 /* PhotoTagUITests */,
			);
		};
/* End PBXProject section */

/* Begin PBXResourcesBuildPhase section */
		D9B02DBF25EC3D79009B5AC2 /* Resources */ = {
			isa = PBXResourcesBuildPhase;
			buildActionMask = 2147483647;
			files = (
				D9B02DD125EC3D79009B5AC2 /* LaunchScreen.storyboard in Resources */,
				D9B02DCE25EC3D79009B5AC2 /* Assets.xcassets in Resources */,
				60501BF925EF130200DC86E7 /* GoogleService-Info.plist in Resources */,
				D94F753F25EDAAB6007A0DA8 /* GalleryCollectionViewCell.xib in Resources */,
				D9B02DCC25EC3D79009B5AC2 /* Main.storyboard in Resources */,
			);
			runOnlyForDeploymentPostprocessing = 0;
		};
		D9B02DD525EC3D7A009B5AC2 /* Resources */ = {
			isa = PBXResourcesBuildPhase;
			buildActionMask = 2147483647;
			files = (
				60501BFA25EF130200DC86E7 /* GoogleService-Info.plist in Resources */,
			);
			runOnlyForDeploymentPostprocessing = 0;
		};
		D9B02DE025EC3D7A009B5AC2 /* Resources */ = {
			isa = PBXResourcesBuildPhase;
			buildActionMask = 2147483647;
			files = (
				60501BFB25EF130200DC86E7 /* GoogleService-Info.plist in Resources */,
			);
			runOnlyForDeploymentPostprocessing = 0;
		};
/* End PBXResourcesBuildPhase section */

/* Begin PBXShellScriptBuildPhase section */
		668183CE04852C432BAD5350 /* [CP] Embed Pods Frameworks */ = {
			isa = PBXShellScriptBuildPhase;
			buildActionMask = 2147483647;
			files = (
			);
			inputFileListPaths = (
				"${PODS_ROOT}/Target Support Files/Pods-PhotoTag/Pods-PhotoTag-frameworks-${CONFIGURATION}-input-files.xcfilelist",
			);
			name = "[CP] Embed Pods Frameworks";
			outputFileListPaths = (
				"${PODS_ROOT}/Target Support Files/Pods-PhotoTag/Pods-PhotoTag-frameworks-${CONFIGURATION}-output-files.xcfilelist",
			);
			runOnlyForDeploymentPostprocessing = 0;
			shellPath = /bin/sh;
			shellScript = "\"${PODS_ROOT}/Target Support Files/Pods-PhotoTag/Pods-PhotoTag-frameworks.sh\"\n";
			showEnvVarsInLog = 0;
		};
		942D93C9DBF3DA4EC67AD6D8 /* [CP] Copy Pods Resources */ = {
			isa = PBXShellScriptBuildPhase;
			buildActionMask = 2147483647;
			files = (
			);
			inputFileListPaths = (
				"${PODS_ROOT}/Target Support Files/Pods-PhotoTag/Pods-PhotoTag-resources-${CONFIGURATION}-input-files.xcfilelist",
			);
			name = "[CP] Copy Pods Resources";
			outputFileListPaths = (
				"${PODS_ROOT}/Target Support Files/Pods-PhotoTag/Pods-PhotoTag-resources-${CONFIGURATION}-output-files.xcfilelist",
			);
			runOnlyForDeploymentPostprocessing = 0;
			shellPath = /bin/sh;
			shellScript = "\"${PODS_ROOT}/Target Support Files/Pods-PhotoTag/Pods-PhotoTag-resources.sh\"\n";
			showEnvVarsInLog = 0;
		};
		A32F5A589B4B4C61917A8C0F /* [CP] Check Pods Manifest.lock */ = {
			isa = PBXShellScriptBuildPhase;
			buildActionMask = 2147483647;
			files = (
			);
			inputFileListPaths = (
			);
			inputPaths = (
				"${PODS_PODFILE_DIR_PATH}/Podfile.lock",
				"${PODS_ROOT}/Manifest.lock",
			);
			name = "[CP] Check Pods Manifest.lock";
			outputFileListPaths = (
			);
			outputPaths = (
				"$(DERIVED_FILE_DIR)/Pods-PhotoTag-checkManifestLockResult.txt",
			);
			runOnlyForDeploymentPostprocessing = 0;
			shellPath = /bin/sh;
			shellScript = "diff \"${PODS_PODFILE_DIR_PATH}/Podfile.lock\" \"${PODS_ROOT}/Manifest.lock\" > /dev/null\nif [ $? != 0 ] ; then\n    # print error to STDERR\n    echo \"error: The sandbox is not in sync with the Podfile.lock. Run 'pod install' or update your CocoaPods installation.\" >&2\n    exit 1\nfi\n# This output is used by Xcode 'outputs' to avoid re-running this script phase.\necho \"SUCCESS\" > \"${SCRIPT_OUTPUT_FILE_0}\"\n";
			showEnvVarsInLog = 0;
		};
/* End PBXShellScriptBuildPhase section */

/* Begin PBXSourcesBuildPhase section */
		D9B02DBD25EC3D79009B5AC2 /* Sources */ = {
			isa = PBXSourcesBuildPhase;
			buildActionMask = 2147483647;
			files = (
				F4D5411A25F96D17008DAA4A /* LoginViewController.swift in Sources */,
				D94F755425EDCA1C007A0DA8 /* SinglePhotoViewController.swift in Sources */,
				D94F753E25EDAAB6007A0DA8 /* GalleryCollectionViewCell.swift in Sources */,
				D9A3A1A625F01AEB0057A7B8 /* MLKitProcess.swift in Sources */,
				D9B02DC925EC3D79009B5AC2 /* ViewController.swift in Sources */,
				D9B02DC525EC3D79009B5AC2 /* AppDelegate.swift in Sources */,
				D9B02DC725EC3D79009B5AC2 /* SceneDelegate.swift in Sources */,
				D94F754725EDAF08007A0DA8 /* Photo.swift in Sources */,
				601A456525F1CD1000E782D1 /* User.swift in Sources */,
				F4D5416225F98D02008DAA4A /* HomeScreenViewController.swift in Sources */,
			);
			runOnlyForDeploymentPostprocessing = 0;
		};
		D9B02DD325EC3D7A009B5AC2 /* Sources */ = {
			isa = PBXSourcesBuildPhase;
			buildActionMask = 2147483647;
			files = (
			);
			runOnlyForDeploymentPostprocessing = 0;
		};
		D9B02DDE25EC3D7A009B5AC2 /* Sources */ = {
			isa = PBXSourcesBuildPhase;
			buildActionMask = 2147483647;
			files = (
			);
			runOnlyForDeploymentPostprocessing = 0;
		};
/* End PBXSourcesBuildPhase section */

/* Begin PBXTargetDependency section */
		D9B02DD925EC3D7A009B5AC2 /* PBXTargetDependency */ = {
			isa = PBXTargetDependency;
			target = D9B02DC025EC3D79009B5AC2 /* PhotoTag */;
			targetProxy = D9B02DD825EC3D7A009B5AC2 /* PBXContainerItemProxy */;
		};
		D9B02DE425EC3D7A009B5AC2 /* PBXTargetDependency */ = {
			isa = PBXTargetDependency;
			target = D9B02DC025EC3D79009B5AC2 /* PhotoTag */;
			targetProxy = D9B02DE325EC3D7A009B5AC2 /* PBXContainerItemProxy */;
		};
/* End PBXTargetDependency section */

/* Begin PBXVariantGroup section */
		D9B02DCA25EC3D79009B5AC2 /* Main.storyboard */ = {
			isa = PBXVariantGroup;
			children = (
				D9B02DCB25EC3D79009B5AC2 /* Base */,
			);
			name = Main.storyboard;
			sourceTree = "<group>";
		};
		D9B02DCF25EC3D79009B5AC2 /* LaunchScreen.storyboard */ = {
			isa = PBXVariantGroup;
			children = (
				D9B02DD025EC3D79009B5AC2 /* Base */,
			);
			name = LaunchScreen.storyboard;
			sourceTree = "<group>";
		};
/* End PBXVariantGroup section */

/* Begin XCBuildConfiguration section */
		D9B02DE925EC3D7A009B5AC2 /* Debug */ = {
			isa = XCBuildConfiguration;
			buildSettings = {
				ALWAYS_SEARCH_USER_PATHS = NO;
				CLANG_ANALYZER_NONNULL = YES;
				CLANG_ANALYZER_NUMBER_OBJECT_CONVERSION = YES_AGGRESSIVE;
				CLANG_CXX_LANGUAGE_STANDARD = "gnu++14";
				CLANG_CXX_LIBRARY = "libc++";
				CLANG_ENABLE_MODULES = YES;
				CLANG_ENABLE_OBJC_ARC = YES;
				CLANG_ENABLE_OBJC_WEAK = YES;
				CLANG_WARN_BLOCK_CAPTURE_AUTORELEASING = YES;
				CLANG_WARN_BOOL_CONVERSION = YES;
				CLANG_WARN_COMMA = YES;
				CLANG_WARN_CONSTANT_CONVERSION = YES;
				CLANG_WARN_DEPRECATED_OBJC_IMPLEMENTATIONS = YES;
				CLANG_WARN_DIRECT_OBJC_ISA_USAGE = YES_ERROR;
				CLANG_WARN_DOCUMENTATION_COMMENTS = YES;
				CLANG_WARN_EMPTY_BODY = YES;
				CLANG_WARN_ENUM_CONVERSION = YES;
				CLANG_WARN_INFINITE_RECURSION = YES;
				CLANG_WARN_INT_CONVERSION = YES;
				CLANG_WARN_NON_LITERAL_NULL_CONVERSION = YES;
				CLANG_WARN_OBJC_IMPLICIT_RETAIN_SELF = YES;
				CLANG_WARN_OBJC_LITERAL_CONVERSION = YES;
				CLANG_WARN_OBJC_ROOT_CLASS = YES_ERROR;
				CLANG_WARN_QUOTED_INCLUDE_IN_FRAMEWORK_HEADER = YES;
				CLANG_WARN_RANGE_LOOP_ANALYSIS = YES;
				CLANG_WARN_STRICT_PROTOTYPES = YES;
				CLANG_WARN_SUSPICIOUS_MOVE = YES;
				CLANG_WARN_UNGUARDED_AVAILABILITY = YES_AGGRESSIVE;
				CLANG_WARN_UNREACHABLE_CODE = YES;
				CLANG_WARN__DUPLICATE_METHOD_MATCH = YES;
				COPY_PHASE_STRIP = NO;
				DEBUG_INFORMATION_FORMAT = dwarf;
				DEVELOPMENT_TEAM = C2XTBR9DA6;
				ENABLE_STRICT_OBJC_MSGSEND = YES;
				ENABLE_TESTABILITY = YES;
				GCC_C_LANGUAGE_STANDARD = gnu11;
				GCC_DYNAMIC_NO_PIC = NO;
				GCC_NO_COMMON_BLOCKS = YES;
				GCC_OPTIMIZATION_LEVEL = 0;
				GCC_PREPROCESSOR_DEFINITIONS = (
					"DEBUG=1",
					"$(inherited)",
				);
				GCC_WARN_64_TO_32_BIT_CONVERSION = YES;
				GCC_WARN_ABOUT_RETURN_TYPE = YES_ERROR;
				GCC_WARN_UNDECLARED_SELECTOR = YES;
				GCC_WARN_UNINITIALIZED_AUTOS = YES_AGGRESSIVE;
				GCC_WARN_UNUSED_FUNCTION = YES;
				GCC_WARN_UNUSED_VARIABLE = YES;
				IPHONEOS_DEPLOYMENT_TARGET = 14.3;
				MTL_ENABLE_DEBUG_INFO = INCLUDE_SOURCE;
				MTL_FAST_MATH = YES;
				ONLY_ACTIVE_ARCH = YES;
				SDKROOT = iphoneos;
				SWIFT_ACTIVE_COMPILATION_CONDITIONS = DEBUG;
				SWIFT_OPTIMIZATION_LEVEL = "-Onone";
			};
			name = Debug;
		};
		D9B02DEA25EC3D7A009B5AC2 /* Release */ = {
			isa = XCBuildConfiguration;
			buildSettings = {
				ALWAYS_SEARCH_USER_PATHS = NO;
				CLANG_ANALYZER_NONNULL = YES;
				CLANG_ANALYZER_NUMBER_OBJECT_CONVERSION = YES_AGGRESSIVE;
				CLANG_CXX_LANGUAGE_STANDARD = "gnu++14";
				CLANG_CXX_LIBRARY = "libc++";
				CLANG_ENABLE_MODULES = YES;
				CLANG_ENABLE_OBJC_ARC = YES;
				CLANG_ENABLE_OBJC_WEAK = YES;
				CLANG_WARN_BLOCK_CAPTURE_AUTORELEASING = YES;
				CLANG_WARN_BOOL_CONVERSION = YES;
				CLANG_WARN_COMMA = YES;
				CLANG_WARN_CONSTANT_CONVERSION = YES;
				CLANG_WARN_DEPRECATED_OBJC_IMPLEMENTATIONS = YES;
				CLANG_WARN_DIRECT_OBJC_ISA_USAGE = YES_ERROR;
				CLANG_WARN_DOCUMENTATION_COMMENTS = YES;
				CLANG_WARN_EMPTY_BODY = YES;
				CLANG_WARN_ENUM_CONVERSION = YES;
				CLANG_WARN_INFINITE_RECURSION = YES;
				CLANG_WARN_INT_CONVERSION = YES;
				CLANG_WARN_NON_LITERAL_NULL_CONVERSION = YES;
				CLANG_WARN_OBJC_IMPLICIT_RETAIN_SELF = YES;
				CLANG_WARN_OBJC_LITERAL_CONVERSION = YES;
				CLANG_WARN_OBJC_ROOT_CLASS = YES_ERROR;
				CLANG_WARN_QUOTED_INCLUDE_IN_FRAMEWORK_HEADER = YES;
				CLANG_WARN_RANGE_LOOP_ANALYSIS = YES;
				CLANG_WARN_STRICT_PROTOTYPES = YES;
				CLANG_WARN_SUSPICIOUS_MOVE = YES;
				CLANG_WARN_UNGUARDED_AVAILABILITY = YES_AGGRESSIVE;
				CLANG_WARN_UNREACHABLE_CODE = YES;
				CLANG_WARN__DUPLICATE_METHOD_MATCH = YES;
				COPY_PHASE_STRIP = NO;
				DEBUG_INFORMATION_FORMAT = "dwarf-with-dsym";
				DEVELOPMENT_TEAM = C2XTBR9DA6;
				ENABLE_NS_ASSERTIONS = NO;
				ENABLE_STRICT_OBJC_MSGSEND = YES;
				GCC_C_LANGUAGE_STANDARD = gnu11;
				GCC_NO_COMMON_BLOCKS = YES;
				GCC_WARN_64_TO_32_BIT_CONVERSION = YES;
				GCC_WARN_ABOUT_RETURN_TYPE = YES_ERROR;
				GCC_WARN_UNDECLARED_SELECTOR = YES;
				GCC_WARN_UNINITIALIZED_AUTOS = YES_AGGRESSIVE;
				GCC_WARN_UNUSED_FUNCTION = YES;
				GCC_WARN_UNUSED_VARIABLE = YES;
				IPHONEOS_DEPLOYMENT_TARGET = 14.3;
				MTL_ENABLE_DEBUG_INFO = NO;
				MTL_FAST_MATH = YES;
				SDKROOT = iphoneos;
				SWIFT_COMPILATION_MODE = wholemodule;
				SWIFT_OPTIMIZATION_LEVEL = "-O";
				VALIDATE_PRODUCT = YES;
			};
			name = Release;
		};
		D9B02DEC25EC3D7A009B5AC2 /* Debug */ = {
			isa = XCBuildConfiguration;
			baseConfigurationReference = 4A4A2FCC700F62739B66D7DA /* Pods-PhotoTag.debug.xcconfig */;
			buildSettings = {
				ASSETCATALOG_COMPILER_APPICON_NAME = AppIcon;
				ASSETCATALOG_COMPILER_GLOBAL_ACCENT_COLOR_NAME = AccentColor;
				CODE_SIGN_STYLE = Automatic;
				DEVELOPMENT_TEAM = 5W9FB5T24W;
				INFOPLIST_FILE = PhotoTag/Info.plist;
				IPHONEOS_DEPLOYMENT_TARGET = 14.3;
				LD_RUNPATH_SEARCH_PATHS = (
					"$(inherited)",
					"@executable_path/Frameworks",
				);
				PRODUCT_BUNDLE_IDENTIFIER = com.sebtota;
				PRODUCT_NAME = "$(TARGET_NAME)";
				SWIFT_VERSION = 5.0;
				TARGETED_DEVICE_FAMILY = "1,2";
			};
			name = Debug;
		};
		D9B02DED25EC3D7A009B5AC2 /* Release */ = {
			isa = XCBuildConfiguration;
			baseConfigurationReference = 7D50361FE77CA582AF1073D8 /* Pods-PhotoTag.release.xcconfig */;
			buildSettings = {
				ASSETCATALOG_COMPILER_APPICON_NAME = AppIcon;
				ASSETCATALOG_COMPILER_GLOBAL_ACCENT_COLOR_NAME = AccentColor;
				CODE_SIGN_STYLE = Automatic;
				DEVELOPMENT_TEAM = 5W9FB5T24W;
				INFOPLIST_FILE = PhotoTag/Info.plist;
				IPHONEOS_DEPLOYMENT_TARGET = 14.3;
				LD_RUNPATH_SEARCH_PATHS = (
					"$(inherited)",
					"@executable_path/Frameworks",
				);
				PRODUCT_BUNDLE_IDENTIFIER = com.sebtota;
				PRODUCT_NAME = "$(TARGET_NAME)";
				SWIFT_VERSION = 5.0;
				TARGETED_DEVICE_FAMILY = "1,2";
			};
			name = Release;
		};
		D9B02DEF25EC3D7A009B5AC2 /* Debug */ = {
			isa = XCBuildConfiguration;
			buildSettings = {
				ALWAYS_EMBED_SWIFT_STANDARD_LIBRARIES = YES;
				BUNDLE_LOADER = "$(TEST_HOST)";
				CODE_SIGN_STYLE = Automatic;
				INFOPLIST_FILE = PhotoTagTests/Info.plist;
				IPHONEOS_DEPLOYMENT_TARGET = 14.3;
				LD_RUNPATH_SEARCH_PATHS = (
					"$(inherited)",
					"@executable_path/Frameworks",
					"@loader_path/Frameworks",
				);
				PRODUCT_BUNDLE_IDENTIFIER = photoTag.PhotoTagTests;
				PRODUCT_NAME = "$(TARGET_NAME)";
				SWIFT_VERSION = 5.0;
				TARGETED_DEVICE_FAMILY = "1,2";
				TEST_HOST = "$(BUILT_PRODUCTS_DIR)/PhotoTag.app/PhotoTag";
			};
			name = Debug;
		};
		D9B02DF025EC3D7A009B5AC2 /* Release */ = {
			isa = XCBuildConfiguration;
			buildSettings = {
				ALWAYS_EMBED_SWIFT_STANDARD_LIBRARIES = YES;
				BUNDLE_LOADER = "$(TEST_HOST)";
				CODE_SIGN_STYLE = Automatic;
				INFOPLIST_FILE = PhotoTagTests/Info.plist;
				IPHONEOS_DEPLOYMENT_TARGET = 14.3;
				LD_RUNPATH_SEARCH_PATHS = (
					"$(inherited)",
					"@executable_path/Frameworks",
					"@loader_path/Frameworks",
				);
				PRODUCT_BUNDLE_IDENTIFIER = photoTag.PhotoTagTests;
				PRODUCT_NAME = "$(TARGET_NAME)";
				SWIFT_VERSION = 5.0;
				TARGETED_DEVICE_FAMILY = "1,2";
				TEST_HOST = "$(BUILT_PRODUCTS_DIR)/PhotoTag.app/PhotoTag";
			};
			name = Release;
		};
		D9B02DF225EC3D7A009B5AC2 /* Debug */ = {
			isa = XCBuildConfiguration;
			buildSettings = {
				ALWAYS_EMBED_SWIFT_STANDARD_LIBRARIES = YES;
				CODE_SIGN_STYLE = Automatic;
				INFOPLIST_FILE = PhotoTagUITests/Info.plist;
				IPHONEOS_DEPLOYMENT_TARGET = 14.3;
				LD_RUNPATH_SEARCH_PATHS = (
					"$(inherited)",
					"@executable_path/Frameworks",
					"@loader_path/Frameworks",
				);
				PRODUCT_BUNDLE_IDENTIFIER = photoTag.PhotoTagUITests;
				PRODUCT_NAME = "$(TARGET_NAME)";
				SWIFT_VERSION = 5.0;
				TARGETED_DEVICE_FAMILY = "1,2";
				TEST_TARGET_NAME = PhotoTag;
			};
			name = Debug;
		};
		D9B02DF325EC3D7A009B5AC2 /* Release */ = {
			isa = XCBuildConfiguration;
			buildSettings = {
				ALWAYS_EMBED_SWIFT_STANDARD_LIBRARIES = YES;
				CODE_SIGN_STYLE = Automatic;
				INFOPLIST_FILE = PhotoTagUITests/Info.plist;
				IPHONEOS_DEPLOYMENT_TARGET = 14.3;
				LD_RUNPATH_SEARCH_PATHS = (
					"$(inherited)",
					"@executable_path/Frameworks",
					"@loader_path/Frameworks",
				);
				PRODUCT_BUNDLE_IDENTIFIER = photoTag.PhotoTagUITests;
				PRODUCT_NAME = "$(TARGET_NAME)";
				SWIFT_VERSION = 5.0;
				TARGETED_DEVICE_FAMILY = "1,2";
				TEST_TARGET_NAME = PhotoTag;
			};
			name = Release;
		};
/* End XCBuildConfiguration section */

/* Begin XCConfigurationList section */
		D9B02DBC25EC3D79009B5AC2 /* Build configuration list for PBXProject "PhotoTag" */ = {
			isa = XCConfigurationList;
			buildConfigurations = (
				D9B02DE925EC3D7A009B5AC2 /* Debug */,
				D9B02DEA25EC3D7A009B5AC2 /* Release */,
			);
			defaultConfigurationIsVisible = 0;
			defaultConfigurationName = Release;
		};
		D9B02DEB25EC3D7A009B5AC2 /* Build configuration list for PBXNativeTarget "PhotoTag" */ = {
			isa = XCConfigurationList;
			buildConfigurations = (
				D9B02DEC25EC3D7A009B5AC2 /* Debug */,
				D9B02DED25EC3D7A009B5AC2 /* Release */,
			);
			defaultConfigurationIsVisible = 0;
			defaultConfigurationName = Release;
		};
		D9B02DEE25EC3D7A009B5AC2 /* Build configuration list for PBXNativeTarget "PhotoTagTests" */ = {
			isa = XCConfigurationList;
			buildConfigurations = (
				D9B02DEF25EC3D7A009B5AC2 /* Debug */,
				D9B02DF025EC3D7A009B5AC2 /* Release */,
			);
			defaultConfigurationIsVisible = 0;
			defaultConfigurationName = Release;
		};
		D9B02DF125EC3D7A009B5AC2 /* Build configuration list for PBXNativeTarget "PhotoTagUITests" */ = {
			isa = XCConfigurationList;
			buildConfigurations = (
				D9B02DF225EC3D7A009B5AC2 /* Debug */,
				D9B02DF325EC3D7A009B5AC2 /* Release */,
			);
			defaultConfigurationIsVisible = 0;
			defaultConfigurationName = Release;
		};
/* End XCConfigurationList section */
	};
	rootObject = D9B02DB925EC3D79009B5AC2 /* Project object */;
}
